
Microsoft Visual Studio Solution File, Format Version 12.00
# Visual Studio 2012
Project("{FAE04EC0-301F-11D3-BF4B-00C04F79EFBC}") = "NuGet.PackageAnalysis.SemVer", "NuGet.PackageAnalysis.SemVer\NuGet.PackageAnalysis.SemVer.csproj", "{7FC204BB-2B8F-46F8-AC93-628A37575977}"
EndProject
Project("{FAE04EC0-301F-11D3-BF4B-00C04F79EFBC}") = "NuGet.PackageAnalysis.Tests", "NuGet.PackageAnalysis.Tests\NuGet.PackageAnalysis.Tests.csproj", "{5692BFD2-1ECC-40BD-910E-B3203075EA70}"
EndProject
Global
	GlobalSection(SolutionConfigurationPlatforms) = preSolution
		Debug|Any CPU = Debug|Any CPU
		Release|Any CPU = Release|Any CPU
	EndGlobalSection
	GlobalSection(ProjectConfigurationPlatforms) = postSolution
		{7FC204BB-2B8F-46F8-AC93-628A37575977}.Debug|Any CPU.ActiveCfg = Debug|Any CPU
		{7FC204BB-2B8F-46F8-AC93-628A37575977}.Debug|Any CPU.Build.0 = Debug|Any CPU
		{7FC204BB-2B8F-46F8-AC93-628A37575977}.Release|Any CPU.ActiveCfg = Release|Any CPU
		{7FC204BB-2B8F-46F8-AC93-628A37575977}.Release|Any CPU.Build.0 = Release|Any CPU
		{5692BFD2-1ECC-40BD-910E-B3203075EA70}.Debug|Any CPU.ActiveCfg = Debug|Any CPU
		{5692BFD2-1ECC-40BD-910E-B3203075EA70}.Debug|Any CPU.Build.0 = Debug|Any CPU
		{5692BFD2-1ECC-40BD-910E-B3203075EA70}.Release|Any CPU.ActiveCfg = Release|Any CPU
		{5692BFD2-1ECC-40BD-910E-B3203075EA70}.Release|Any CPU.Build.0 = Release|Any CPU
	EndGlobalSection
	GlobalSection(SolutionProperties) = preSolution
		HideSolutionNode = FALSE
	EndGlobalSection
EndGlobal
